
Microsoft Visual Studio Solution File, Format Version 12.00
# Visual Studio 15
VisualStudioVersion = 15.0.28010.0
MinimumVisualStudioVersion = 10.0.40219.1
Project("{FAE04EC0-301F-11D3-BF4B-00C04F79EFBC}") = "Projeto.Crud.MVC", "Projeto.Crud.MVC\Projeto.Crud.MVC.csproj", "{C5002512-8624-4E76-8146-EC95851FA445}"
EndProject
Project("{FAE04EC0-301F-11D3-BF4B-00C04F79EFBC}") = "Generico.Models", "Generico.Models\Generico.Models.csproj", "{168F86D5-E6FF-48CB-B4B4-6A8B5F4AD0CC}"
EndProject
Project("{FAE04EC0-301F-11D3-BF4B-00C04F79EFBC}") = "Generico.Teste", "Generico.Teste\Generico.Teste.csproj", "{8362A449-A1E8-409C-B0C0-AD5D0DDA5080}"
EndProject
Global
	GlobalSection(SolutionConfigurationPlatforms) = preSolution
		Debug|Any CPU = Debug|Any CPU
		Release|Any CPU = Release|Any CPU
	EndGlobalSection
	GlobalSection(ProjectConfigurationPlatforms) = postSolution
		{C5002512-8624-4E76-8146-EC95851FA445}.Debug|Any CPU.ActiveCfg = Debug|Any CPU
		{C5002512-8624-4E76-8146-EC95851FA445}.Debug|Any CPU.Build.0 = Debug|Any CPU
		{C5002512-8624-4E76-8146-EC95851FA445}.Release|Any CPU.ActiveCfg = Release|Any CPU
		{C5002512-8624-4E76-8146-EC95851FA445}.Release|Any CPU.Build.0 = Release|Any CPU
		{168F86D5-E6FF-48CB-B4B4-6A8B5F4AD0CC}.Debug|Any CPU.ActiveCfg = Debug|Any CPU
		{168F86D5-E6FF-48CB-B4B4-6A8B5F4AD0CC}.Debug|Any CPU.Build.0 = Debug|Any CPU
		{168F86D5-E6FF-48CB-B4B4-6A8B5F4AD0CC}.Release|Any CPU.ActiveCfg = Release|Any CPU
		{168F86D5-E6FF-48CB-B4B4-6A8B5F4AD0CC}.Release|Any CPU.Build.0 = Release|Any CPU
		{8362A449-A1E8-409C-B0C0-AD5D0DDA5080}.Debug|Any CPU.ActiveCfg = Debug|Any CPU
		{8362A449-A1E8-409C-B0C0-AD5D0DDA5080}.Debug|Any CPU.Build.0 = Debug|Any CPU
		{8362A449-A1E8-409C-B0C0-AD5D0DDA5080}.Release|Any CPU.ActiveCfg = Release|Any CPU
		{8362A449-A1E8-409C-B0C0-AD5D0DDA5080}.Release|Any CPU.Build.0 = Release|Any CPU
	EndGlobalSection
	GlobalSection(SolutionProperties) = preSolution
		HideSolutionNode = FALSE
	EndGlobalSection
	GlobalSection(ExtensibilityGlobals) = postSolution
		SolutionGuid = {876EB33B-2EE0-49A5-BE56-D51DACEE5C0F}
	EndGlobalSection
EndGlobal
